// !$*UTF8*$!
{
	archiveVersion = 1;
	classes = {
	};
	objectVersion = 55;
	objects = {

/* Begin PBXBuildFile section */
		F002A5612B2DC5ED00DE99F9 /* NetworkConstant.swift in Sources */ = {isa = PBXBuildFile; fileRef = F002A5602B2DC5ED00DE99F9 /* NetworkConstant.swift */; };
		F002A5632B2DCBFA00DE99F9 /* APICaller.swift in Sources */ = {isa = PBXBuildFile; fileRef = F002A5622B2DCBFA00DE99F9 /* APICaller.swift */; };
		F002A5652B2DCD5300DE99F9 /* TrendingMoviesModel.swift in Sources */ = {isa = PBXBuildFile; fileRef = F002A5642B2DCD5300DE99F9 /* TrendingMoviesModel.swift */; };
		F03F602B2B2C734C0024EBF3 /* MainViewController+TableView.swift in Sources */ = {isa = PBXBuildFile; fileRef = F03F602A2B2C734C0024EBF3 /* MainViewController+TableView.swift */; };
		F03F602D2B2C806F0024EBF3 /* MainViewModel.swift in Sources */ = {isa = PBXBuildFile; fileRef = F03F602C2B2C806F0024EBF3 /* MainViewModel.swift */; };
		F0F0E0D52B2B42AF00E776E1 /* AppDelegate.swift in Sources */ = {isa = PBXBuildFile; fileRef = F0F0E0D42B2B42AF00E776E1 /* AppDelegate.swift */; };
		F0F0E0DE2B2B42B100E776E1 /* Assets.xcassets in Resources */ = {isa = PBXBuildFile; fileRef = F0F0E0DD2B2B42B100E776E1 /* Assets.xcassets */; };
		F0F0E0E12B2B42B100E776E1 /* LaunchScreen.storyboard in Resources */ = {isa = PBXBuildFile; fileRef = F0F0E0DF2B2B42B100E776E1 /* LaunchScreen.storyboard */; };
		F0F0E0EB2B2B520200E776E1 /* MainViewController.swift in Sources */ = {isa = PBXBuildFile; fileRef = F0F0E0E92B2B520100E776E1 /* MainViewController.swift */; };
		F0F0E0EC2B2B520200E776E1 /* MainViewController.xib in Resources */ = {isa = PBXBuildFile; fileRef = F0F0E0EA2B2B520100E776E1 /* MainViewController.xib */; };
/* End PBXBuildFile section */

/* Begin PBXFileReference section */
		F002A5602B2DC5ED00DE99F9 /* NetworkConstant.swift */ = {isa = PBXFileReference; lastKnownFileType = sourcecode.swift; path = NetworkConstant.swift; sourceTree = "<group>"; };
		F002A5622B2DCBFA00DE99F9 /* APICaller.swift */ = {isa = PBXFileReference; lastKnownFileType = sourcecode.swift; path = APICaller.swift; sourceTree = "<group>"; };
		F002A5642B2DCD5300DE99F9 /* TrendingMoviesModel.swift */ = {isa = PBXFileReference; lastKnownFileType = sourcecode.swift; path = TrendingMoviesModel.swift; sourceTree = "<group>"; };
		F03F602A2B2C734C0024EBF3 /* MainViewController+TableView.swift */ = {isa = PBXFileReference; lastKnownFileType = sourcecode.swift; path = "MainViewController+TableView.swift"; sourceTree = "<group>"; };
		F03F602C2B2C806F0024EBF3 /* MainViewModel.swift */ = {isa = PBXFileReference; lastKnownFileType = sourcecode.swift; path = MainViewModel.swift; sourceTree = "<group>"; };
		F0F0E0D12B2B42AF00E776E1 /* MVVMCourse2_Movies.app */ = {isa = PBXFileReference; explicitFileType = wrapper.application; includeInIndex = 0; path = MVVMCourse2_Movies.app; sourceTree = BUILT_PRODUCTS_DIR; };
		F0F0E0D42B2B42AF00E776E1 /* AppDelegate.swift */ = {isa = PBXFileReference; lastKnownFileType = sourcecode.swift; path = AppDelegate.swift; sourceTree = "<group>"; };
		F0F0E0DD2B2B42B100E776E1 /* Assets.xcassets */ = {isa = PBXFileReference; lastKnownFileType = folder.assetcatalog; path = Assets.xcassets; sourceTree = "<group>"; };
		F0F0E0E02B2B42B100E776E1 /* Base */ = {isa = PBXFileReference; lastKnownFileType = file.storyboard; name = Base; path = Base.lproj/LaunchScreen.storyboard; sourceTree = "<group>"; };
		F0F0E0E22B2B42B100E776E1 /* Info.plist */ = {isa = PBXFileReference; lastKnownFileType = text.plist.xml; path = Info.plist; sourceTree = "<group>"; };
		F0F0E0E92B2B520100E776E1 /* MainViewController.swift */ = {isa = PBXFileReference; lastKnownFileType = sourcecode.swift; path = MainViewController.swift; sourceTree = "<group>"; };
		F0F0E0EA2B2B520100E776E1 /* MainViewController.xib */ = {isa = PBXFileReference; lastKnownFileType = file.xib; path = MainViewController.xib; sourceTree = "<group>"; };
/* End PBXFileReference section */

/* Begin PBXFrameworksBuildPhase section */
		F0F0E0CE2B2B42AF00E776E1 /* Frameworks */ = {
			isa = PBXFrameworksBuildPhase;
			buildActionMask = 2147483647;
			files = (
			);
			runOnlyForDeploymentPostprocessing = 0;
		};
/* End PBXFrameworksBuildPhase section */

/* Begin PBXGroup section */
		F0F0E0C82B2B42AF00E776E1 = {
			isa = PBXGroup;
			children = (
				F0F0E0D32B2B42AF00E776E1 /* MVVMCourse2_Movies */,
				F0F0E0D22B2B42AF00E776E1 /* Products */,
			);
			sourceTree = "<group>";
		};
		F0F0E0D22B2B42AF00E776E1 /* Products */ = {
			isa = PBXGroup;
			children = (
				F0F0E0D12B2B42AF00E776E1 /* MVVMCourse2_Movies.app */,
			);
			name = Products;
			sourceTree = "<group>";
		};
		F0F0E0D32B2B42AF00E776E1 /* MVVMCourse2_Movies */ = {
			isa = PBXGroup;
			children = (
				F0F0E0F42B2B6DCA00E776E1 /* Networking */,
				F0F0E0F32B2B6DB800E776E1 /* Extensions */,
				F0F0E0F22B2B6DA700E776E1 /* Resources */,
				F0F0E0F12B2B690600E776E1 /* Classes */,
				F0F0E0F02B2B68FD00E776E1 /* Model */,
				F0F0E0EF2B2B68F400E776E1 /* Controllers */,
				F0F0E0EE2B2B68E900E776E1 /* ViewModel */,
				F0F0E0ED2B2B68D200E776E1 /* View */,
				F0F0E0D42B2B42AF00E776E1 /* AppDelegate.swift */,
				F0F0E0E22B2B42B100E776E1 /* Info.plist */,
			);
			path = MVVMCourse2_Movies;
			sourceTree = "<group>";
		};
		F0F0E0E82B2B504F00E776E1 /* MainViewController */ = {
			isa = PBXGroup;
			children = (
				F0F0E0E92B2B520100E776E1 /* MainViewController.swift */,
				F0F0E0EA2B2B520100E776E1 /* MainViewController.xib */,
				F03F602A2B2C734C0024EBF3 /* MainViewController+TableView.swift */,
			);
			path = MainViewController;
			sourceTree = "<group>";
		};
		F0F0E0ED2B2B68D200E776E1 /* View */ = {
			isa = PBXGroup;
			children = (
				F0F0E0DF2B2B42B100E776E1 /* LaunchScreen.storyboard */,
			);
			path = View;
			sourceTree = "<group>";
		};
		F0F0E0EE2B2B68E900E776E1 /* ViewModel */ = {
			isa = PBXGroup;
			children = (
				F03F602C2B2C806F0024EBF3 /* MainViewModel.swift */,
			);
			path = ViewModel;
			sourceTree = "<group>";
		};
		F0F0E0EF2B2B68F400E776E1 /* Controllers */ = {
			isa = PBXGroup;
			children = (
				F0F0E0E82B2B504F00E776E1 /* MainViewController */,
			);
			path = Controllers;
			sourceTree = "<group>";
		};
		F0F0E0F02B2B68FD00E776E1 /* Model */ = {
			isa = PBXGroup;
			children = (
				F002A5642B2DCD5300DE99F9 /* TrendingMoviesModel.swift */,
			);
			path = Model;
			sourceTree = "<group>";
		};
		F0F0E0F12B2B690600E776E1 /* Classes */ = {
			isa = PBXGroup;
			children = (
			);
			path = Classes;
			sourceTree = "<group>";
		};
		F0F0E0F22B2B6DA700E776E1 /* Resources */ = {
			isa = PBXGroup;
			children = (
				F0F0E0DD2B2B42B100E776E1 /* Assets.xcassets */,
			);
			path = Resources;
			sourceTree = "<group>";
		};
		F0F0E0F32B2B6DB800E776E1 /* Extensions */ = {
			isa = PBXGroup;
			children = (
			);
			path = Extensions;
			sourceTree = "<group>";
		};
		F0F0E0F42B2B6DCA00E776E1 /* Networking */ = {
			isa = PBXGroup;
			children = (
				F002A5602B2DC5ED00DE99F9 /* NetworkConstant.swift */,
				F002A5622B2DCBFA00DE99F9 /* APICaller.swift */,
			);
			path = Networking;
			sourceTree = "<group>";
		};
/* End PBXGroup section */

/* Begin PBXNativeTarget section */
		F0F0E0D02B2B42AF00E776E1 /* MVVMCourse2_Movies */ = {
			isa = PBXNativeTarget;
			buildConfigurationList = F0F0E0E52B2B42B100E776E1 /* Build configuration list for PBXNativeTarget "MVVMCourse2_Movies" */;
			buildPhases = (
				F0F0E0CD2B2B42AF00E776E1 /* Sources */,
				F0F0E0CE2B2B42AF00E776E1 /* Frameworks */,
				F0F0E0CF2B2B42AF00E776E1 /* Resources */,
			);
			buildRules = (
			);
			dependencies = (
			);
			name = MVVMCourse2_Movies;
			productName = MVVMCourse2_Movies;
			productReference = F0F0E0D12B2B42AF00E776E1 /* MVVMCourse2_Movies.app */;
			productType = "com.apple.product-type.application";
		};
/* End PBXNativeTarget section */

/* Begin PBXProject section */
		F0F0E0C92B2B42AF00E776E1 /* Project object */ = {
			isa = PBXProject;
			attributes = {
				BuildIndependentTargetsInParallel = 1;
				LastSwiftUpdateCheck = 1340;
				LastUpgradeCheck = 1340;
				TargetAttributes = {
					F0F0E0D02B2B42AF00E776E1 = {
						CreatedOnToolsVersion = 13.4;
					};
				};
			};
			buildConfigurationList = F0F0E0CC2B2B42AF00E776E1 /* Build configuration list for PBXProject "MVVMCourse2_Movies" */;
			compatibilityVersion = "Xcode 13.0";
			developmentRegion = en;
			hasScannedForEncodings = 0;
			knownRegions = (
				en,
				Base,
			);
			mainGroup = F0F0E0C82B2B42AF00E776E1;
			productRefGroup = F0F0E0D22B2B42AF00E776E1 /* Products */;
			projectDirPath = "";
			projectRoot = "";
			targets = (
				F0F0E0D02B2B42AF00E776E1 /* MVVMCourse2_Movies */,
			);
		};
/* End PBXProject section */

/* Begin PBXResourcesBuildPhase section */
		F0F0E0CF2B2B42AF00E776E1 /* Resources */ = {
			isa = PBXResourcesBuildPhase;
			buildActionMask = 2147483647;
			files = (
				F0F0E0E12B2B42B100E776E1 /* LaunchScreen.storyboard in Resources */,
				F0F0E0EC2B2B520200E776E1 /* MainViewController.xib in Resources */,
				F0F0E0DE2B2B42B100E776E1 /* Assets.xcassets in Resources */,
			);
			runOnlyForDeploymentPostprocessing = 0;
		};
/* End PBXResourcesBuildPhase section */

/* Begin PBXSourcesBuildPhase section */
		F0F0E0CD2B2B42AF00E776E1 /* Sources */ = {
			isa = PBXSourcesBuildPhase;
			buildActionMask = 2147483647;
			files = (
				F0F0E0D52B2B42AF00E776E1 /* AppDelegate.swift in Sources */,
				F002A5632B2DCBFA00DE99F9 /* APICaller.swift in Sources */,
				F03F602B2B2C734C0024EBF3 /* MainViewController+TableView.swift in Sources */,
				F0F0E0EB2B2B520200E776E1 /* MainViewController.swift in Sources */,
				F002A5612B2DC5ED00DE99F9 /* NetworkConstant.swift in Sources */,
				F03F602D2B2C806F0024EBF3 /* MainViewModel.swift in Sources */,
				F002A5652B2DCD5300DE99F9 /* TrendingMoviesModel.swift in Sources */,
			);
			runOnlyForDeploymentPostprocessing = 0;
		};
/* End PBXSourcesBuildPhase section */

/* Begin PBXVariantGroup section */
		F0F0E0DF2B2B42B100E776E1 /* LaunchScreen.storyboard */ = {
			isa = PBXVariantGroup;
			children = (
				F0F0E0E02B2B42B100E776E1 /* Base */,
			);
			name = LaunchScreen.storyboard;
			sourceTree = "<group>";
		};
/* End PBXVariantGroup section */

/* Begin XCBuildConfiguration section */
		F0F0E0E32B2B42B100E776E1 /* Debug */ = {
			isa = XCBuildConfiguration;
			buildSettings = {
				ALWAYS_SEARCH_USER_PATHS = NO;
				CLANG_ANALYZER_NONNULL = YES;
				CLANG_ANALYZER_NUMBER_OBJECT_CONVERSION = YES_AGGRESSIVE;
				CLANG_CXX_LANGUAGE_STANDARD = "gnu++17";
				CLANG_ENABLE_MODULES = YES;
				CLANG_ENABLE_OBJC_ARC = YES;
				CLANG_ENABLE_OBJC_WEAK = YES;
				CLANG_WARN_BLOCK_CAPTURE_AUTORELEASING = YES;
				CLANG_WARN_BOOL_CONVERSION = YES;
				CLANG_WARN_COMMA = YES;
				CLANG_WARN_CONSTANT_CONVERSION = YES;
				CLANG_WARN_DEPRECATED_OBJC_IMPLEMENTATIONS = YES;
				CLANG_WARN_DIRECT_OBJC_ISA_USAGE = YES_ERROR;
				CLANG_WARN_DOCUMENTATION_COMMENTS = YES;
				CLANG_WARN_EMPTY_BODY = YES;
				CLANG_WARN_ENUM_CONVERSION = YES;
				CLANG_WARN_INFINITE_RECURSION = YES;
				CLANG_WARN_INT_CONVERSION = YES;
				CLANG_WARN_NON_LITERAL_NULL_CONVERSION = YES;
				CLANG_WARN_OBJC_IMPLICIT_RETAIN_SELF = YES;
				CLANG_WARN_OBJC_LITERAL_CONVERSION = YES;
				CLANG_WARN_OBJC_ROOT_CLASS = YES_ERROR;
				CLANG_WARN_QUOTED_INCLUDE_IN_FRAMEWORK_HEADER = YES;
				CLANG_WARN_RANGE_LOOP_ANALYSIS = YES;
				CLANG_WARN_STRICT_PROTOTYPES = YES;
				CLANG_WARN_SUSPICIOUS_MOVE = YES;
				CLANG_WARN_UNGUARDED_AVAILABILITY = YES_AGGRESSIVE;
				CLANG_WARN_UNREACHABLE_CODE = YES;
				CLANG_WARN__DUPLICATE_METHOD_MATCH = YES;
				COPY_PHASE_STRIP = NO;
				DEBUG_INFORMATION_FORMAT = dwarf;
				ENABLE_STRICT_OBJC_MSGSEND = YES;
				ENABLE_TESTABILITY = YES;
				GCC_C_LANGUAGE_STANDARD = gnu11;
				GCC_DYNAMIC_NO_PIC = NO;
				GCC_NO_COMMON_BLOCKS = YES;
				GCC_OPTIMIZATION_LEVEL = 0;
				GCC_PREPROCESSOR_DEFINITIONS = (
					"DEBUG=1",
					"$(inherited)",
				);
				GCC_WARN_64_TO_32_BIT_CONVERSION = YES;
				GCC_WARN_ABOUT_RETURN_TYPE = YES_ERROR;
				GCC_WARN_UNDECLARED_SELECTOR = YES;
				GCC_WARN_UNINITIALIZED_AUTOS = YES_AGGRESSIVE;
				GCC_WARN_UNUSED_FUNCTION = YES;
				GCC_WARN_UNUSED_VARIABLE = YES;
				IPHONEOS_DEPLOYMENT_TARGET = 15.5;
				MTL_ENABLE_DEBUG_INFO = INCLUDE_SOURCE;
				MTL_FAST_MATH = YES;
				ONLY_ACTIVE_ARCH = YES;
				SDKROOT = iphoneos;
				SWIFT_ACTIVE_COMPILATION_CONDITIONS = DEBUG;
				SWIFT_OPTIMIZATION_LEVEL = "-Onone";
			};
			name = Debug;
		};
		F0F0E0E42B2B42B100E776E1 /* Release */ = {
			isa = XCBuildConfiguration;
			buildSettings = {
				ALWAYS_SEARCH_USER_PATHS = NO;
				CLANG_ANALYZER_NONNULL = YES;
				CLANG_ANALYZER_NUMBER_OBJECT_CONVERSION = YES_AGGRESSIVE;
				CLANG_CXX_LANGUAGE_STANDARD = "gnu++17";
				CLANG_ENABLE_MODULES = YES;
				CLANG_ENABLE_OBJC_ARC = YES;
				CLANG_ENABLE_OBJC_WEAK = YES;
				CLANG_WARN_BLOCK_CAPTURE_AUTORELEASING = YES;
				CLANG_WARN_BOOL_CONVERSION = YES;
				CLANG_WARN_COMMA = YES;
				CLANG_WARN_CONSTANT_CONVERSION = YES;
				CLANG_WARN_DEPRECATED_OBJC_IMPLEMENTATIONS = YES;
				CLANG_WARN_DIRECT_OBJC_ISA_USAGE = YES_ERROR;
				CLANG_WARN_DOCUMENTATION_COMMENTS = YES;
				CLANG_WARN_EMPTY_BODY = YES;
				CLANG_WARN_ENUM_CONVERSION = YES;
				CLANG_WARN_INFINITE_RECURSION = YES;
				CLANG_WARN_INT_CONVERSION = YES;
				CLANG_WARN_NON_LITERAL_NULL_CONVERSION = YES;
				CLANG_WARN_OBJC_IMPLICIT_RETAIN_SELF = YES;
				CLANG_WARN_OBJC_LITERAL_CONVERSION = YES;
				CLANG_WARN_OBJC_ROOT_CLASS = YES_ERROR;
				CLANG_WARN_QUOTED_INCLUDE_IN_FRAMEWORK_HEADER = YES;
				CLANG_WARN_RANGE_LOOP_ANALYSIS = YES;
				CLANG_WARN_STRICT_PROTOTYPES = YES;
				CLANG_WARN_SUSPICIOUS_MOVE = YES;
				CLANG_WARN_UNGUARDED_AVAILABILITY = YES_AGGRESSIVE;
				CLANG_WARN_UNREACHABLE_CODE = YES;
				CLANG_WARN__DUPLICATE_METHOD_MATCH = YES;
				COPY_PHASE_STRIP = NO;
				DEBUG_INFORMATION_FORMAT = "dwarf-with-dsym";
				ENABLE_NS_ASSERTIONS = NO;
				ENABLE_STRICT_OBJC_MSGSEND = YES;
				GCC_C_LANGUAGE_STANDARD = gnu11;
				GCC_NO_COMMON_BLOCKS = YES;
				GCC_WARN_64_TO_32_BIT_CONVERSION = YES;
				GCC_WARN_ABOUT_RETURN_TYPE = YES_ERROR;
				GCC_WARN_UNDECLARED_SELECTOR = YES;
				GCC_WARN_UNINITIALIZED_AUTOS = YES_AGGRESSIVE;
				GCC_WARN_UNUSED_FUNCTION = YES;
				GCC_WARN_UNUSED_VARIABLE = YES;
				IPHONEOS_DEPLOYMENT_TARGET = 15.5;
				MTL_ENABLE_DEBUG_INFO = NO;
				MTL_FAST_MATH = YES;
				SDKROOT = iphoneos;
				SWIFT_COMPILATION_MODE = wholemodule;
				SWIFT_OPTIMIZATION_LEVEL = "-O";
				VALIDATE_PRODUCT = YES;
			};
			name = Release;
		};
		F0F0E0E62B2B42B100E776E1 /* Debug */ = {
			isa = XCBuildConfiguration;
			buildSettings = {
				ASSETCATALOG_COMPILER_APPICON_NAME = AppIcon;
				ASSETCATALOG_COMPILER_GLOBAL_ACCENT_COLOR_NAME = AccentColor;
				CODE_SIGN_STYLE = Automatic;
				CURRENT_PROJECT_VERSION = 1;
				DEVELOPMENT_TEAM = 883T7X4725;
				GENERATE_INFOPLIST_FILE = YES;
				INFOPLIST_FILE = MVVMCourse2_Movies/Info.plist;
				INFOPLIST_KEY_UIApplicationSupportsIndirectInputEvents = YES;
				INFOPLIST_KEY_UILaunchStoryboardName = LaunchScreen;
				INFOPLIST_KEY_UISupportedInterfaceOrientations = UIInterfaceOrientationPortrait;
				INFOPLIST_KEY_UISupportedInterfaceOrientations_iPad = "UIInterfaceOrientationPortrait UIInterfaceOrientationPortraitUpsideDown UIInterfaceOrientationLandscapeLeft UIInterfaceOrientationLandscapeRight";
				INFOPLIST_KEY_UISupportedInterfaceOrientations_iPhone = "UIInterfaceOrientationPortrait UIInterfaceOrientationLandscapeLeft UIInterfaceOrientationLandscapeRight";
				LD_RUNPATH_SEARCH_PATHS = (
					"$(inherited)",
					"@executable_path/Frameworks",
				);
				MARKETING_VERSION = 1.0;
				PRODUCT_BUNDLE_IDENTIFIER = "stevan.MVVMCourse2-Movies";
				PRODUCT_NAME = "$(TARGET_NAME)";
				SWIFT_EMIT_LOC_STRINGS = YES;
				SWIFT_VERSION = 5.0;
				TARGETED_DEVICE_FAMILY = 1;
			};
			name = Debug;
		};
		F0F0E0E72B2B42B100E776E1 /* Release */ = {
			isa = XCBuildConfiguration;
			buildSettings = {
				ASSETCATALOG_COMPILER_APPICON_NAME = AppIcon;
				ASSETCATALOG_COMPILER_GLOBAL_ACCENT_COLOR_NAME = AccentColor;
				CODE_SIGN_STYLE = Automatic;
				CURRENT_PROJECT_VERSION = 1;
				DEVELOPMENT_TEAM = 883T7X4725;
				GENERATE_INFOPLIST_FILE = YES;
				INFOPLIST_FILE = MVVMCourse2_Movies/Info.plist;
				INFOPLIST_KEY_UIApplicationSupportsIndirectInputEvents = YES;
				INFOPLIST_KEY_UILaunchStoryboardName = LaunchScreen;
				INFOPLIST_KEY_UISupportedInterfaceOrientations = UIInterfaceOrientationPortrait;
				INFOPLIST_KEY_UISupportedInterfaceOrientations_iPad = "UIInterfaceOrientationPortrait UIInterfaceOrientationPortraitUpsideDown UIInterfaceOrientationLandscapeLeft UIInterfaceOrientationLandscapeRight";
				INFOPLIST_KEY_UISupportedInterfaceOrientations_iPhone = "UIInterfaceOrientationPortrait UIInterfaceOrientationLandscapeLeft UIInterfaceOrientationLandscapeRight";
				LD_RUNPATH_SEARCH_PATHS = (
					"$(inherited)",
					"@executable_path/Frameworks",
				);
				MARKETING_VERSION = 1.0;
				PRODUCT_BUNDLE_IDENTIFIER = "stevan.MVVMCourse2-Movies";
				PRODUCT_NAME = "$(TARGET_NAME)";
				SWIFT_EMIT_LOC_STRINGS = YES;
				SWIFT_VERSION = 5.0;
				TARGETED_DEVICE_FAMILY = 1;
			};
			name = Release;
		};
/* End XCBuildConfiguration section */

/* Begin XCConfigurationList section */
		F0F0E0CC2B2B42AF00E776E1 /* Build configuration list for PBXProject "MVVMCourse2_Movies" */ = {
			isa = XCConfigurationList;
			buildConfigurations = (
				F0F0E0E32B2B42B100E776E1 /* Debug */,
				F0F0E0E42B2B42B100E776E1 /* Release */,
			);
			defaultConfigurationIsVisible = 0;
			defaultConfigurationName = Release;
		};
		F0F0E0E52B2B42B100E776E1 /* Build configuration list for PBXNativeTarget "MVVMCourse2_Movies" */ = {
			isa = XCConfigurationList;
			buildConfigurations = (
				F0F0E0E62B2B42B100E776E1 /* Debug */,
				F0F0E0E72B2B42B100E776E1 /* Release */,
			);
			defaultConfigurationIsVisible = 0;
			defaultConfigurationName = Release;
		};
/* End XCConfigurationList section */
	};
	rootObject = F0F0E0C92B2B42AF00E776E1 /* Project object */;
}
